
Microsoft Visual Studio Solution File, Format Version 12.00
# Visual Studio Version 17
VisualStudioVersion = 17.10.35013.160
MinimumVisualStudioVersion = 10.0.40219.1
Project("{FAE04EC0-301F-11D3-BF4B-00C04F79EFBC}") = "IndieArtMarketplace", "IndieArtMarketplace.csproj", "{DECFCEC6-76C9-4F2F-99D7-E47F5303FA56}"
EndProject
Global
	GlobalSection(SolutionConfigurationPlatforms) = preSolution
		Debug|Any CPU = Debug|Any CPU
		Release|Any CPU = Release|Any CPU
	EndGlobalSection
	GlobalSection(ProjectConfigurationPlatforms) = postSolution
		{DECFCEC6-76C9-4F2F-99D7-E47F5303FA56}.Debug|Any CPU.ActiveCfg = Debug|Any CPU
		{DECFCEC6-76C9-4F2F-99D7-E47F5303FA56}.Debug|Any CPU.Build.0 = Debug|Any CPU
		{DECFCEC6-76C9-4F2F-99D7-E47F5303FA56}.Release|Any CPU.ActiveCfg = Release|Any CPU
		{DECFCEC6-76C9-4F2F-99D7-E47F5303FA56}.Release|Any CPU.Build.0 = Release|Any CPU
	EndGlobalSection
	GlobalSection(SolutionProperties) = preSolution
		HideSolutionNode = FALSE
	EndGlobalSection
	GlobalSection(ExtensibilityGlobals) = postSolution
		SolutionGuid = {BD473B37-97EA-42FD-837D-AF85E15453EC}
	EndGlobalSection
EndGlobal
